
Microsoft Visual Studio Solution File, Format Version 12.00
Project("{FAE04EC0-301F-11D3-BF4B-00C04F79EFBC}") = "LaunchQ.TakeHomeProject", "LaunchQ.TakeHomeProject.csproj", "{9FF25104-F329-41A7-AEF1-80F9A6989D11}"
EndProject
Global
	GlobalSection(SolutionConfigurationPlatforms) = preSolution
		Debug|Any CPU = Debug|Any CPU
		Release|Any CPU = Release|Any CPU
	EndGlobalSection
	GlobalSection(ProjectConfigurationPlatforms) = postSolution
		{9FF25104-F329-41A7-AEF1-80F9A6989D11}.Debug|Any CPU.ActiveCfg = Debug|Any CPU
		{9FF25104-F329-41A7-AEF1-80F9A6989D11}.Debug|Any CPU.Build.0 = Debug|Any CPU
		{9FF25104-F329-41A7-AEF1-80F9A6989D11}.Release|Any CPU.ActiveCfg = Release|Any CPU
		{9FF25104-F329-41A7-AEF1-80F9A6989D11}.Release|Any CPU.Build.0 = Release|Any CPU
	EndGlobalSection
EndGlobal
