
Microsoft Visual Studio Solution File, Format Version 12.00
# Visual Studio Version 17
VisualStudioVersion = 17.14.35906.104 d17.14
MinimumVisualStudioVersion = 10.0.40219.1
Project("{FAE04EC0-301F-11D3-BF4B-00C04F79EFBC}") = "LaunchQ.TakeHomeProject", "LaunchQ.TakeHomeProject.csproj", "{9FF25104-F329-41A7-AEF1-80F9A6989D11}"
EndProject
Global
	GlobalSection(SolutionConfigurationPlatforms) = preSolution
		Debug|Any CPU = Debug|Any CPU
		Release|Any CPU = Release|Any CPU
	EndGlobalSection
	GlobalSection(ProjectConfigurationPlatforms) = postSolution
		{9FF25104-F329-41A7-AEF1-80F9A6989D11}.Debug|Any CPU.ActiveCfg = Debug|Any CPU
		{9FF25104-F329-41A7-AEF1-80F9A6989D11}.Debug|Any CPU.Build.0 = Debug|Any CPU
		{9FF25104-F329-41A7-AEF1-80F9A6989D11}.Release|Any CPU.ActiveCfg = Release|Any CPU
		{9FF25104-F329-41A7-AEF1-80F9A6989D11}.Release|Any CPU.Build.0 = Release|Any CPU
	EndGlobalSection
	GlobalSection(SolutionProperties) = preSolution
		HideSolutionNode = FALSE
	EndGlobalSection
	GlobalSection(ExtensibilityGlobals) = postSolution
		SolutionGuid = {78F6B6DF-1370-4F3A-8998-038E4B81AC83}
	EndGlobalSection
EndGlobal
